
Microsoft Visual Studio Solution File, Format Version 12.00
# Visual Studio Version 17
VisualStudioVersion = 17.2.32519.379
MinimumVisualStudioVersion = 10.0.40219.1
Project("{FAE04EC0-301F-11D3-BF4B-00C04F79EFBC}") = "220803_황형준_Diary2", "220803_황형준_Diary2\220803_황형준_Diary2.csproj", "{88900E57-7FD3-4B01-A9DB-EE42355D93FA}"
EndProject
Global
	GlobalSection(SolutionConfigurationPlatforms) = preSolution
		Debug|Any CPU = Debug|Any CPU
		Release|Any CPU = Release|Any CPU
	EndGlobalSection
	GlobalSection(ProjectConfigurationPlatforms) = postSolution
		{88900E57-7FD3-4B01-A9DB-EE42355D93FA}.Debug|Any CPU.ActiveCfg = Debug|Any CPU
		{88900E57-7FD3-4B01-A9DB-EE42355D93FA}.Debug|Any CPU.Build.0 = Debug|Any CPU
		{88900E57-7FD3-4B01-A9DB-EE42355D93FA}.Release|Any CPU.ActiveCfg = Release|Any CPU
		{88900E57-7FD3-4B01-A9DB-EE42355D93FA}.Release|Any CPU.Build.0 = Release|Any CPU
	EndGlobalSection
	GlobalSection(SolutionProperties) = preSolution
		HideSolutionNode = FALSE
	EndGlobalSection
	GlobalSection(ExtensibilityGlobals) = postSolution
		SolutionGuid = {914569D3-5533-4969-B61B-A7CEDAABF939}
	EndGlobalSection
EndGlobal
