
Microsoft Visual Studio Solution File, Format Version 12.00
# Visual Studio Version 17
VisualStudioVersion = 17.2.32519.379
MinimumVisualStudioVersion = 10.0.40219.1
Project("{FAE04EC0-301F-11D3-BF4B-00C04F79EFBC}") = "MarkupApp", "MarkupApp\MarkupApp.csproj", "{445BF4FF-EA32-4A81-8402-DBC1180D458C}"
EndProject
Global
	GlobalSection(SolutionConfigurationPlatforms) = preSolution
		Debug|Any CPU = Debug|Any CPU
		Release|Any CPU = Release|Any CPU
	EndGlobalSection
	GlobalSection(ProjectConfigurationPlatforms) = postSolution
		{445BF4FF-EA32-4A81-8402-DBC1180D458C}.Debug|Any CPU.ActiveCfg = Debug|Any CPU
		{445BF4FF-EA32-4A81-8402-DBC1180D458C}.Debug|Any CPU.Build.0 = Debug|Any CPU
		{445BF4FF-EA32-4A81-8402-DBC1180D458C}.Release|Any CPU.ActiveCfg = Release|Any CPU
		{445BF4FF-EA32-4A81-8402-DBC1180D458C}.Release|Any CPU.Build.0 = Release|Any CPU
	EndGlobalSection
	GlobalSection(SolutionProperties) = preSolution
		HideSolutionNode = FALSE
	EndGlobalSection
	GlobalSection(ExtensibilityGlobals) = postSolution
		SolutionGuid = {45D8771B-8E44-4EA0-8260-B7131C1CD550}
	EndGlobalSection
EndGlobal
