
Microsoft Visual Studio Solution File, Format Version 12.00
# Visual Studio Version 17
VisualStudioVersion = 17.2.32519.379
MinimumVisualStudioVersion = 10.0.40219.1
Project("{FAE04EC0-301F-11D3-BF4B-00C04F79EFBC}") = "CommandApp", "CommandApp\CommandApp.csproj", "{E4DD7043-FB1C-4CBD-9E57-1A5A932ADE75}"
EndProject
Global
	GlobalSection(SolutionConfigurationPlatforms) = preSolution
		Debug|Any CPU = Debug|Any CPU
		Release|Any CPU = Release|Any CPU
	EndGlobalSection
	GlobalSection(ProjectConfigurationPlatforms) = postSolution
		{E4DD7043-FB1C-4CBD-9E57-1A5A932ADE75}.Debug|Any CPU.ActiveCfg = Debug|Any CPU
		{E4DD7043-FB1C-4CBD-9E57-1A5A932ADE75}.Debug|Any CPU.Build.0 = Debug|Any CPU
		{E4DD7043-FB1C-4CBD-9E57-1A5A932ADE75}.Release|Any CPU.ActiveCfg = Release|Any CPU
		{E4DD7043-FB1C-4CBD-9E57-1A5A932ADE75}.Release|Any CPU.Build.0 = Release|Any CPU
	EndGlobalSection
	GlobalSection(SolutionProperties) = preSolution
		HideSolutionNode = FALSE
	EndGlobalSection
	GlobalSection(ExtensibilityGlobals) = postSolution
		SolutionGuid = {EAA6B0B1-FC54-48D0-AF37-2BFA7826A197}
	EndGlobalSection
EndGlobal
