
Microsoft Visual Studio Solution File, Format Version 12.00
# Visual Studio Version 17
VisualStudioVersion = 17.2.32519.379
MinimumVisualStudioVersion = 10.0.40219.1
Project("{FAE04EC0-301F-11D3-BF4B-00C04F79EFBC}") = "220825_황형준_NG", "220825_황형준_NG\220825_황형준_NG.csproj", "{F95FF2BE-EF55-453B-983E-7E64A98F3E9A}"
EndProject
Global
	GlobalSection(SolutionConfigurationPlatforms) = preSolution
		Debug|Any CPU = Debug|Any CPU
		Release|Any CPU = Release|Any CPU
	EndGlobalSection
	GlobalSection(ProjectConfigurationPlatforms) = postSolution
		{F95FF2BE-EF55-453B-983E-7E64A98F3E9A}.Debug|Any CPU.ActiveCfg = Debug|Any CPU
		{F95FF2BE-EF55-453B-983E-7E64A98F3E9A}.Debug|Any CPU.Build.0 = Debug|Any CPU
		{F95FF2BE-EF55-453B-983E-7E64A98F3E9A}.Release|Any CPU.ActiveCfg = Release|Any CPU
		{F95FF2BE-EF55-453B-983E-7E64A98F3E9A}.Release|Any CPU.Build.0 = Release|Any CPU
	EndGlobalSection
	GlobalSection(SolutionProperties) = preSolution
		HideSolutionNode = FALSE
	EndGlobalSection
	GlobalSection(ExtensibilityGlobals) = postSolution
		SolutionGuid = {28AD2844-2768-43B4-BFE1-EDA59B087B55}
	EndGlobalSection
EndGlobal
