
Microsoft Visual Studio Solution File, Format Version 12.00
# Visual Studio Version 17
VisualStudioVersion = 17.2.32519.379
MinimumVisualStudioVersion = 10.0.40219.1
Project("{FAE04EC0-301F-11D3-BF4B-00C04F79EFBC}") = "220804_황형준_Silder", "220804_황형준_Silder\220804_황형준_Silder.csproj", "{FD7B3EBF-B405-40FB-B9C2-A1E8BF78CEB9}"
EndProject
Global
	GlobalSection(SolutionConfigurationPlatforms) = preSolution
		Debug|Any CPU = Debug|Any CPU
		Release|Any CPU = Release|Any CPU
	EndGlobalSection
	GlobalSection(ProjectConfigurationPlatforms) = postSolution
		{FD7B3EBF-B405-40FB-B9C2-A1E8BF78CEB9}.Debug|Any CPU.ActiveCfg = Debug|Any CPU
		{FD7B3EBF-B405-40FB-B9C2-A1E8BF78CEB9}.Debug|Any CPU.Build.0 = Debug|Any CPU
		{FD7B3EBF-B405-40FB-B9C2-A1E8BF78CEB9}.Release|Any CPU.ActiveCfg = Release|Any CPU
		{FD7B3EBF-B405-40FB-B9C2-A1E8BF78CEB9}.Release|Any CPU.Build.0 = Release|Any CPU
	EndGlobalSection
	GlobalSection(SolutionProperties) = preSolution
		HideSolutionNode = FALSE
	EndGlobalSection
	GlobalSection(ExtensibilityGlobals) = postSolution
		SolutionGuid = {DE47C830-03DD-4FD2-B551-C9DB1F4FD33D}
	EndGlobalSection
EndGlobal
