
Microsoft Visual Studio Solution File, Format Version 12.00
# Visual Studio Version 17
VisualStudioVersion = 17.2.32519.379
MinimumVisualStudioVersion = 10.0.40219.1
Project("{FAE04EC0-301F-11D3-BF4B-00C04F79EFBC}") = "RoutedEventApp", "RoutedEventApp\RoutedEventApp.csproj", "{8A42CB51-6D55-4EFB-AC24-CED0BBAD28D7}"
EndProject
Global
	GlobalSection(SolutionConfigurationPlatforms) = preSolution
		Debug|Any CPU = Debug|Any CPU
		Release|Any CPU = Release|Any CPU
	EndGlobalSection
	GlobalSection(ProjectConfigurationPlatforms) = postSolution
		{8A42CB51-6D55-4EFB-AC24-CED0BBAD28D7}.Debug|Any CPU.ActiveCfg = Debug|Any CPU
		{8A42CB51-6D55-4EFB-AC24-CED0BBAD28D7}.Debug|Any CPU.Build.0 = Debug|Any CPU
		{8A42CB51-6D55-4EFB-AC24-CED0BBAD28D7}.Release|Any CPU.ActiveCfg = Release|Any CPU
		{8A42CB51-6D55-4EFB-AC24-CED0BBAD28D7}.Release|Any CPU.Build.0 = Release|Any CPU
	EndGlobalSection
	GlobalSection(SolutionProperties) = preSolution
		HideSolutionNode = FALSE
	EndGlobalSection
	GlobalSection(ExtensibilityGlobals) = postSolution
		SolutionGuid = {FDF1B74D-3494-4F5D-AB0B-65B56A2B1927}
	EndGlobalSection
EndGlobal
