
Microsoft Visual Studio Solution File, Format Version 12.00
# Visual Studio Version 17
VisualStudioVersion = 17.2.32519.379
MinimumVisualStudioVersion = 10.0.40219.1
Project("{FAE04EC0-301F-11D3-BF4B-00C04F79EFBC}") = "RoutedEventApp", "RoutedEventApp\RoutedEventApp.csproj", "{584F7872-0D37-4DE2-9A58-9A736C9EF31E}"
EndProject
Global
	GlobalSection(SolutionConfigurationPlatforms) = preSolution
		Debug|Any CPU = Debug|Any CPU
		Release|Any CPU = Release|Any CPU
	EndGlobalSection
	GlobalSection(ProjectConfigurationPlatforms) = postSolution
		{584F7872-0D37-4DE2-9A58-9A736C9EF31E}.Debug|Any CPU.ActiveCfg = Debug|Any CPU
		{584F7872-0D37-4DE2-9A58-9A736C9EF31E}.Debug|Any CPU.Build.0 = Debug|Any CPU
		{584F7872-0D37-4DE2-9A58-9A736C9EF31E}.Release|Any CPU.ActiveCfg = Release|Any CPU
		{584F7872-0D37-4DE2-9A58-9A736C9EF31E}.Release|Any CPU.Build.0 = Release|Any CPU
	EndGlobalSection
	GlobalSection(SolutionProperties) = preSolution
		HideSolutionNode = FALSE
	EndGlobalSection
	GlobalSection(ExtensibilityGlobals) = postSolution
		SolutionGuid = {B5F72069-784D-46C3-B8E2-32D5CF783D82}
	EndGlobalSection
EndGlobal
