
Microsoft Visual Studio Solution File, Format Version 12.00
# Visual Studio Version 17
VisualStudioVersion = 17.2.32519.379
MinimumVisualStudioVersion = 10.0.40219.1
Project("{FAE04EC0-301F-11D3-BF4B-00C04F79EFBC}") = "ItemsControlApp", "ItemsControlApp\ItemsControlApp.csproj", "{2BD00FC1-266E-4295-BF6A-B5C048DABEAB}"
EndProject
Global
	GlobalSection(SolutionConfigurationPlatforms) = preSolution
		Debug|Any CPU = Debug|Any CPU
		Release|Any CPU = Release|Any CPU
	EndGlobalSection
	GlobalSection(ProjectConfigurationPlatforms) = postSolution
		{2BD00FC1-266E-4295-BF6A-B5C048DABEAB}.Debug|Any CPU.ActiveCfg = Debug|Any CPU
		{2BD00FC1-266E-4295-BF6A-B5C048DABEAB}.Debug|Any CPU.Build.0 = Debug|Any CPU
		{2BD00FC1-266E-4295-BF6A-B5C048DABEAB}.Release|Any CPU.ActiveCfg = Release|Any CPU
		{2BD00FC1-266E-4295-BF6A-B5C048DABEAB}.Release|Any CPU.Build.0 = Release|Any CPU
	EndGlobalSection
	GlobalSection(SolutionProperties) = preSolution
		HideSolutionNode = FALSE
	EndGlobalSection
	GlobalSection(ExtensibilityGlobals) = postSolution
		SolutionGuid = {8061370B-567A-4543-B217-CBDE0BF4CCD3}
	EndGlobalSection
EndGlobal
