
Microsoft Visual Studio Solution File, Format Version 12.00
# Visual Studio Version 17
VisualStudioVersion = 17.2.32519.379
MinimumVisualStudioVersion = 10.0.40219.1
Project("{FAE04EC0-301F-11D3-BF4B-00C04F79EFBC}") = "WpfApp1", "WpfApp1\WpfApp1.csproj", "{EB10A26D-5288-4808-A607-3C3D33D99FBE}"
EndProject
Global
	GlobalSection(SolutionConfigurationPlatforms) = preSolution
		Debug|Any CPU = Debug|Any CPU
		Release|Any CPU = Release|Any CPU
	EndGlobalSection
	GlobalSection(ProjectConfigurationPlatforms) = postSolution
		{EB10A26D-5288-4808-A607-3C3D33D99FBE}.Debug|Any CPU.ActiveCfg = Debug|Any CPU
		{EB10A26D-5288-4808-A607-3C3D33D99FBE}.Debug|Any CPU.Build.0 = Debug|Any CPU
		{EB10A26D-5288-4808-A607-3C3D33D99FBE}.Release|Any CPU.ActiveCfg = Release|Any CPU
		{EB10A26D-5288-4808-A607-3C3D33D99FBE}.Release|Any CPU.Build.0 = Release|Any CPU
	EndGlobalSection
	GlobalSection(SolutionProperties) = preSolution
		HideSolutionNode = FALSE
	EndGlobalSection
	GlobalSection(ExtensibilityGlobals) = postSolution
		SolutionGuid = {37A35FF2-CC5F-4BD5-A0D6-C76393D28D53}
	EndGlobalSection
EndGlobal
